PODS:
  - GRDB.swift (5.0.0-beta.6):
    - GRDB.swift/standard (= 5.0.0-beta.6)
  - GRDB.swift/standard (5.0.0-beta.6)
  - IGDB-SWIFT-API (0.2.1):
    - Just
    - SwiftProtobuf (~> 1.0)
  - Just (0.8.0)
  - SwiftProtobuf (1.10.0)

DEPENDENCIES:
  - GRDB.swift (= 5.0.0-beta.6)
  - IGDB-SWIFT-API (from `https://github.com/husnjak/IGDB-API-SWIFT.git`)

SPEC REPOS:
  trunk:
    - GRDB.swift
    - Just
    - SwiftProtobuf

EXTERNAL SOURCES:
  IGDB-SWIFT-API:
    :git: https://github.com/husnjak/IGDB-API-SWIFT.git

CHECKOUT OPTIONS:
  IGDB-SWIFT-API:
    :commit: 7a64a4a25c357709337de1af94d05eaccc100199
    :git: https://github.com/husnjak/IGDB-API-SWIFT.git

SPEC CHECKSUMS:
  GRDB.swift: 0f3bce35784c6bb9ca6d7f7f6ffa475c3f42cf8f
  IGDB-SWIFT-API: 8171c8cff2a6cdfe51b8593a9ec1a0a557afb692
  Just: aef5105fb2c7069b65aa6f21aec8f429057f9c19
  SwiftProtobuf: bfafffa9e26d1561c3bd0045e188c4fab5f527ae

PODFILE CHECKSUM: a078992f0d2e7a1e93b78be97d5d43cb5eb1fb89

COCOAPODS: 1.8.4
